
Microsoft Visual Studio Solution File, Format Version 12.00
# Visual Studio Version 16
VisualStudioVersion = 16.0.29613.14
MinimumVisualStudioVersion = 10.0.40219.1
Project("{FAE04EC0-301F-11D3-BF4B-00C04F79EFBC}") = "Merthsoft.AutoOnAutoOff", "Source\Merthsoft.AutoOnAutoOff.csproj", "{E7A45011-922E-4A11-BF80-FC4CB91F9F0F}"
EndProject
Global
	GlobalSection(SolutionConfigurationPlatforms) = preSolution
		RimWorld|Any CPU = RimWorld|Any CPU
	EndGlobalSection
	GlobalSection(ProjectConfigurationPlatforms) = postSolution
		{E7A45011-922E-4A11-BF80-FC4CB91F9F0F}.RimWorld|Any CPU.ActiveCfg = RimWorld|Any CPU
		{E7A45011-922E-4A11-BF80-FC4CB91F9F0F}.RimWorld|Any CPU.Build.0 = RimWorld|Any CPU
	EndGlobalSection
	GlobalSection(SolutionProperties) = preSolution
		HideSolutionNode = FALSE
	EndGlobalSection
	GlobalSection(ExtensibilityGlobals) = postSolution
		SolutionGuid = {E8F8EC3B-1574-464A-8385-43B4C5D96AAD}
	EndGlobalSection
EndGlobal
